
Microsoft Visual Studio Solution File, Format Version 12.00
# Visual Studio Version 17
VisualStudioVersion = 17.11.35327.3
MinimumVisualStudioVersion = 10.0.40219.1
Project("{9A19103F-16F7-4668-BE54-9A1E7A4F7556}") = "mcp_nexus", "mcp_nexus\mcp_nexus.csproj", "{A962C5E9-39DC-4BE4-B403-C13A28E931CC}"
EndProject
Project("{FAE04EC0-301F-11D3-BF4B-00C04F79EFBC}") = "mcp_nexus.tests", "mcp_nexus.tests\mcp_nexus.tests.csproj", "{D70FA7DB-3A92-46F2-A992-A8FFF60DFAD0}"
EndProject
Global
	GlobalSection(SolutionConfigurationPlatforms) = preSolution
		Debug|Any CPU = Debug|Any CPU
		Debug|x64 = Debug|x64
		Debug|x86 = Debug|x86
		Release|Any CPU = Release|Any CPU
		Release|x64 = Release|x64
		Release|x86 = Release|x86
	EndGlobalSection
	GlobalSection(ProjectConfigurationPlatforms) = postSolution
		{A962C5E9-39DC-4BE4-B403-C13A28E931CC}.Debug|Any CPU.ActiveCfg = Debug|Any CPU
		{A962C5E9-39DC-4BE4-B403-C13A28E931CC}.Debug|Any CPU.Build.0 = Debug|Any CPU
		{A962C5E9-39DC-4BE4-B403-C13A28E931CC}.Debug|x64.ActiveCfg = Debug|Any CPU
		{A962C5E9-39DC-4BE4-B403-C13A28E931CC}.Debug|x64.Build.0 = Debug|Any CPU
		{A962C5E9-39DC-4BE4-B403-C13A28E931CC}.Debug|x86.ActiveCfg = Debug|Any CPU
		{A962C5E9-39DC-4BE4-B403-C13A28E931CC}.Debug|x86.Build.0 = Debug|Any CPU
		{A962C5E9-39DC-4BE4-B403-C13A28E931CC}.Release|Any CPU.ActiveCfg = Release|Any CPU
		{A962C5E9-39DC-4BE4-B403-C13A28E931CC}.Release|Any CPU.Build.0 = Release|Any CPU
		{A962C5E9-39DC-4BE4-B403-C13A28E931CC}.Release|x64.ActiveCfg = Release|Any CPU
		{A962C5E9-39DC-4BE4-B403-C13A28E931CC}.Release|x64.Build.0 = Release|Any CPU
		{A962C5E9-39DC-4BE4-B403-C13A28E931CC}.Release|x86.ActiveCfg = Release|Any CPU
		{A962C5E9-39DC-4BE4-B403-C13A28E931CC}.Release|x86.Build.0 = Release|Any CPU
		{D70FA7DB-3A92-46F2-A992-A8FFF60DFAD0}.Debug|Any CPU.ActiveCfg = Debug|Any CPU
		{D70FA7DB-3A92-46F2-A992-A8FFF60DFAD0}.Debug|Any CPU.Build.0 = Debug|Any CPU
		{D70FA7DB-3A92-46F2-A992-A8FFF60DFAD0}.Debug|x64.ActiveCfg = Debug|Any CPU
		{D70FA7DB-3A92-46F2-A992-A8FFF60DFAD0}.Debug|x64.Build.0 = Debug|Any CPU
		{D70FA7DB-3A92-46F2-A992-A8FFF60DFAD0}.Debug|x86.ActiveCfg = Debug|Any CPU
		{D70FA7DB-3A92-46F2-A992-A8FFF60DFAD0}.Debug|x86.Build.0 = Debug|Any CPU
		{D70FA7DB-3A92-46F2-A992-A8FFF60DFAD0}.Release|Any CPU.ActiveCfg = Release|Any CPU
		{D70FA7DB-3A92-46F2-A992-A8FFF60DFAD0}.Release|Any CPU.Build.0 = Release|Any CPU
		{D70FA7DB-3A92-46F2-A992-A8FFF60DFAD0}.Release|x64.ActiveCfg = Release|Any CPU
		{D70FA7DB-3A92-46F2-A992-A8FFF60DFAD0}.Release|x64.Build.0 = Release|Any CPU
		{D70FA7DB-3A92-46F2-A992-A8FFF60DFAD0}.Release|x86.ActiveCfg = Release|Any CPU
		{D70FA7DB-3A92-46F2-A992-A8FFF60DFAD0}.Release|x86.Build.0 = Release|Any CPU
	EndGlobalSection
	GlobalSection(SolutionProperties) = preSolution
		HideSolutionNode = FALSE
	EndGlobalSection
	GlobalSection(ExtensibilityGlobals) = postSolution
		SolutionGuid = {8E6BCA66-8E89-492F-868E-A4388A5F468B}
	EndGlobalSection
EndGlobal
